
Microsoft Visual Studio Solution File, Format Version 12.00
# Visual Studio Version 17
VisualStudioVersion = 17.0.31903.59
MinimumVisualStudioVersion = 10.0.40219.1
Project("{FAE04EC0-301F-11D3-BF4B-00C04F79EFBC}") = "EmployeeManagerMVC", "EmployeeManagerMVC\EmployeeManagerMVC.csproj", "{B49707EE-4CAF-4EF9-AD4E-768C883F09E3}"
EndProject
Project("{FAE04EC0-301F-11D3-BF4B-00C04F79EFBC}") = "TestEmployeeManager", "TestEmployeeManager\TestEmployeeManager.csproj", "{7D117232-CE68-437D-A2B0-FB4B6868CF4C}"
EndProject
Global
	GlobalSection(SolutionConfigurationPlatforms) = preSolution
		Debug|Any CPU = Debug|Any CPU
		Release|Any CPU = Release|Any CPU
	EndGlobalSection
	GlobalSection(SolutionProperties) = preSolution
		HideSolutionNode = FALSE
	EndGlobalSection
	GlobalSection(ProjectConfigurationPlatforms) = postSolution
		{B49707EE-4CAF-4EF9-AD4E-768C883F09E3}.Debug|Any CPU.ActiveCfg = Debug|Any CPU
		{B49707EE-4CAF-4EF9-AD4E-768C883F09E3}.Debug|Any CPU.Build.0 = Debug|Any CPU
		{B49707EE-4CAF-4EF9-AD4E-768C883F09E3}.Release|Any CPU.ActiveCfg = Release|Any CPU
		{B49707EE-4CAF-4EF9-AD4E-768C883F09E3}.Release|Any CPU.Build.0 = Release|Any CPU
		{7D117232-CE68-437D-A2B0-FB4B6868CF4C}.Debug|Any CPU.ActiveCfg = Debug|Any CPU
		{7D117232-CE68-437D-A2B0-FB4B6868CF4C}.Debug|Any CPU.Build.0 = Debug|Any CPU
		{7D117232-CE68-437D-A2B0-FB4B6868CF4C}.Release|Any CPU.ActiveCfg = Release|Any CPU
		{7D117232-CE68-437D-A2B0-FB4B6868CF4C}.Release|Any CPU.Build.0 = Release|Any CPU
	EndGlobalSection
EndGlobal
