
Microsoft Visual Studio Solution File, Format Version 12.00
# Visual Studio Version 17
VisualStudioVersion = 17.0.31903.59
MinimumVisualStudioVersion = 10.0.40219.1
Project("{FAE04EC0-301F-11D3-BF4B-00C04F79EFBC}") = "RevNRideMVC", "RevNRideMVC\RevNRideMVC.csproj", "{0F167587-157B-4CB2-B017-891F6C7199D5}"
EndProject
Project("{FAE04EC0-301F-11D3-BF4B-00C04F79EFBC}") = "RevNRideBLL", "RevNRideBLL\RevNRideBLL.csproj", "{46D8E896-7923-4637-B3E2-CB4654390A95}"
EndProject
Project("{FAE04EC0-301F-11D3-BF4B-00C04F79EFBC}") = "RevNRideBOL", "RevNRideBOL\RevNRideBOL.csproj", "{6B7643BA-893C-4498-AADC-BA3C22B6ECEF}"
EndProject
Project("{FAE04EC0-301F-11D3-BF4B-00C04F79EFBC}") = "RevNRideDAL", "RevNRideDAL\RevNRideDAL.csproj", "{C13B212D-EF3E-4BEE-9F15-3C05502036CA}"
EndProject
Global
	GlobalSection(SolutionConfigurationPlatforms) = preSolution
		Debug|Any CPU = Debug|Any CPU
		Release|Any CPU = Release|Any CPU
	EndGlobalSection
	GlobalSection(SolutionProperties) = preSolution
		HideSolutionNode = FALSE
	EndGlobalSection
	GlobalSection(ProjectConfigurationPlatforms) = postSolution
		{0F167587-157B-4CB2-B017-891F6C7199D5}.Debug|Any CPU.ActiveCfg = Debug|Any CPU
		{0F167587-157B-4CB2-B017-891F6C7199D5}.Debug|Any CPU.Build.0 = Debug|Any CPU
		{0F167587-157B-4CB2-B017-891F6C7199D5}.Release|Any CPU.ActiveCfg = Release|Any CPU
		{0F167587-157B-4CB2-B017-891F6C7199D5}.Release|Any CPU.Build.0 = Release|Any CPU
		{46D8E896-7923-4637-B3E2-CB4654390A95}.Debug|Any CPU.ActiveCfg = Debug|Any CPU
		{46D8E896-7923-4637-B3E2-CB4654390A95}.Debug|Any CPU.Build.0 = Debug|Any CPU
		{46D8E896-7923-4637-B3E2-CB4654390A95}.Release|Any CPU.ActiveCfg = Release|Any CPU
		{46D8E896-7923-4637-B3E2-CB4654390A95}.Release|Any CPU.Build.0 = Release|Any CPU
		{6B7643BA-893C-4498-AADC-BA3C22B6ECEF}.Debug|Any CPU.ActiveCfg = Debug|Any CPU
		{6B7643BA-893C-4498-AADC-BA3C22B6ECEF}.Debug|Any CPU.Build.0 = Debug|Any CPU
		{6B7643BA-893C-4498-AADC-BA3C22B6ECEF}.Release|Any CPU.ActiveCfg = Release|Any CPU
		{6B7643BA-893C-4498-AADC-BA3C22B6ECEF}.Release|Any CPU.Build.0 = Release|Any CPU
		{C13B212D-EF3E-4BEE-9F15-3C05502036CA}.Debug|Any CPU.ActiveCfg = Debug|Any CPU
		{C13B212D-EF3E-4BEE-9F15-3C05502036CA}.Debug|Any CPU.Build.0 = Debug|Any CPU
		{C13B212D-EF3E-4BEE-9F15-3C05502036CA}.Release|Any CPU.ActiveCfg = Release|Any CPU
		{C13B212D-EF3E-4BEE-9F15-3C05502036CA}.Release|Any CPU.Build.0 = Release|Any CPU
	EndGlobalSection
EndGlobal
